# This file was autogenerated by uv via the following command:
#    uv pip compile backend/requirements.production.in --python-version 3.14 --python-platform x86_64-unknown-linux-gnu --output-file backend/requirements.production.lock
asgiref==3.12.1
    # via
    #   -r backend/requirements.lock
    #   django
    #   django-cors-headers
attrs==26.1.0
    # via
    #   -r backend/requirements.lock
    #   jsonschema
    #   referencing
defusedxml==0.7.1
    # via -r backend/requirements.lock
django==5.2.17
    # via
    #   -r backend/requirements.lock
    #   django-cors-headers
    #   djangorestframework
    #   drf-spectacular
django-cors-headers==4.9.0
    # via -r backend/requirements.lock
djangorestframework==3.18.1
    # via
    #   -r backend/requirements.lock
    #   drf-spectacular
drf-spectacular==0.30.0
    # via -r backend/requirements.lock
et-xmlfile==2.0.0
    # via
    #   -r backend/requirements.lock
    #   openpyxl
gunicorn==26.2.0
    # via -r backend/requirements.production.in
inflection==0.5.1
    # via
    #   -r backend/requirements.lock
    #   drf-spectacular
jsonschema==4.26.0
    # via
    #   -r backend/requirements.lock
    #   drf-spectacular
jsonschema-specifications==2025.9.1
    # via
    #   -r backend/requirements.lock
    #   jsonschema
openpyxl==3.1.5
    # via -r backend/requirements.lock
psycopg==3.3.6
    # via -r backend/requirements.lock
psycopg-binary==3.3.6
    # via -r backend/requirements.lock
python-dotenv==1.2.4
    # via -r backend/requirements.lock
pyyaml==6.0.3
    # via
    #   -r backend/requirements.lock
    #   drf-spectacular
referencing==0.37.0
    # via
    #   -r backend/requirements.lock
    #   jsonschema
    #   jsonschema-specifications
rpds-py==2026.6.3
    # via
    #   -r backend/requirements.lock
    #   jsonschema
    #   referencing
ruff==0.16.10
    # via -r backend/requirements.lock
sqlparse==0.6.0
    # via
    #   -r backend/requirements.lock
    #   django
tzdata==2026.5
    # via -r backend/requirements.lock
uritemplate==4.2.0
    # via
    #   -r backend/requirements.lock
    #   drf-spectacular
